{
  "name": "@aerobeat/web-gameplay",
  "version": "0.0.0",
  "lockfileVersion": 3,
  "requires": true,
  "packages": {
    "": {
      "name": "@aerobeat/web-gameplay",
      "version": "0.0.0",
      "peerDependencies": {
        "@aerobeat/web-audio": "0.0.0",
        "@aerobeat/web-content": "0.0.0",
        "@aerobeat/web-contracts": "0.0.0",
        "@aerobeat/web-input": "0.0.0"
      }
    }
  }
}
